
Microsoft Visual Studio Solution File, Format Version 12.00
# Visual Studio Version 16
VisualStudioVersion = 16.0.30503.244
MinimumVisualStudioVersion = 10.0.40219.1
Project("{FAE04EC0-301F-11D3-BF4B-00C04F79EFBC}") = "MarkPad.Tests", "MarkPad.Tests\MarkPad.Tests.csproj", "{EFB6EB25-63DB-4B8B-ADFA-9F2752CEBFFB}"
EndProject
Project("{2150E333-8FDC-42A3-9474-1A3956D46DE8}") = "Plugins", "Plugins", "{930C63A3-C919-4AA1-9292-DB3C4B81F4DA}"
EndProject
Project("{FAE04EC0-301F-11D3-BF4B-00C04F79EFBC}") = "MarkPad.Plugins", "MarkPad.PluginApi\MarkPad.Plugins.csproj", "{E780D0E3-37A4-43D3-89C1-76053FA63752}"
EndProject
Project("{FAE04EC0-301F-11D3-BF4B-00C04F79EFBC}") = "ExamplePlugin", "Plugins\ExamplePlugin\ExamplePlugin.csproj", "{B780B8AD-169E-4300-A29F-713471EF3056}"
EndProject
Project("{FAE04EC0-301F-11D3-BF4B-00C04F79EFBC}") = "ExportToHtmlPlugin", "Plugins\ExportToHtmlPlugin\ExportToHtmlPlugin.csproj", "{F5EF3169-748F-4C96-A4A1-F33381572619}"
EndProject
Project("{FAE04EC0-301F-11D3-BF4B-00C04F79EFBC}") = "MarkPad.UITests", "Markpad.UITests\MarkPad.UITests.csproj", "{3F6B0B72-DC75-4B4E-8361-8AB257F4048E}"
EndProject
Project("{2150E333-8FDC-42A3-9474-1A3956D46DE8}") = "Solution Items", "Solution Items", "{DE6E50F7-097C-494B-8268-1D39A466116C}"
	ProjectSection(SolutionItems) = preProject
		..\Markpad.msbuild = ..\Markpad.msbuild
		..\README.md = ..\README.md
		..\tools\UpdateApplicationManifest.ps1 = ..\tools\UpdateApplicationManifest.ps1
		..\tools\UpdateManifest.ps1 = ..\tools\UpdateManifest.ps1
	EndProjectSection
EndProject
Project("{2150E333-8FDC-42A3-9474-1A3956D46DE8}") = ".nuget", ".nuget", "{BB7EC5C1-5720-450D-A020-D380DFCC47E3}"
	ProjectSection(SolutionItems) = preProject
		.nuget\NuGet.Config = .nuget\NuGet.Config
		.nuget\NuGet.exe = .nuget\NuGet.exe
		.nuget\NuGet.targets = .nuget\NuGet.targets
	EndProjectSection
EndProject
Project("{FAE04EC0-301F-11D3-BF4B-00C04F79EFBC}") = "MarkPad.Plugins.Core", "MarkPad.Plugins.Core\MarkPad.Plugins.Core.csproj", "{FCBE745F-EAAF-4979-8468-8298BC71E947}"
EndProject
Project("{FAE04EC0-301F-11D3-BF4B-00C04F79EFBC}") = "Markpad.Tests.Core", "Markpad.Tests.Core\Markpad.Tests.Core.csproj", "{10E916AB-A826-454E-A344-739CBF5EAFDF}"
EndProject
Project("{FAE04EC0-301F-11D3-BF4B-00C04F79EFBC}") = "MarkPad.Core", "MarkPad.Core\MarkPad.Core.csproj", "{16B2A096-D999-4DE8-BFA7-946B5CD8DCB2}"
EndProject
Project("{FAE04EC0-301F-11D3-BF4B-00C04F79EFBC}") = "MarkdownDeep.Core", "MarkdownDeep.Core\MarkdownDeep.Core.csproj", "{A2B797FD-5D92-47C8-963C-E68D1414CDA8}"
EndProject
Global
	GlobalSection(SolutionConfigurationPlatforms) = preSolution
		Debug|Any CPU = Debug|Any CPU
		Debug|x86 = Debug|x86
		Release|Any CPU = Release|Any CPU
		Release|x86 = Release|x86
	EndGlobalSection
	GlobalSection(ProjectConfigurationPlatforms) = postSolution
		{EFB6EB25-63DB-4B8B-ADFA-9F2752CEBFFB}.Debug|Any CPU.ActiveCfg = Debug|x86
		{EFB6EB25-63DB-4B8B-ADFA-9F2752CEBFFB}.Debug|x86.ActiveCfg = Debug|x86
		{EFB6EB25-63DB-4B8B-ADFA-9F2752CEBFFB}.Debug|x86.Build.0 = Debug|x86
		{EFB6EB25-63DB-4B8B-ADFA-9F2752CEBFFB}.Release|Any CPU.ActiveCfg = Release|x86
		{EFB6EB25-63DB-4B8B-ADFA-9F2752CEBFFB}.Release|x86.ActiveCfg = Release|x86
		{EFB6EB25-63DB-4B8B-ADFA-9F2752CEBFFB}.Release|x86.Build.0 = Release|x86
		{E780D0E3-37A4-43D3-89C1-76053FA63752}.Debug|Any CPU.ActiveCfg = Debug|Any CPU
		{E780D0E3-37A4-43D3-89C1-76053FA63752}.Debug|Any CPU.Build.0 = Debug|Any CPU
		{E780D0E3-37A4-43D3-89C1-76053FA63752}.Debug|x86.ActiveCfg = Debug|x86
		{E780D0E3-37A4-43D3-89C1-76053FA63752}.Debug|x86.Build.0 = Debug|x86
		{E780D0E3-37A4-43D3-89C1-76053FA63752}.Release|Any CPU.ActiveCfg = Release|Any CPU
		{E780D0E3-37A4-43D3-89C1-76053FA63752}.Release|Any CPU.Build.0 = Release|Any CPU
		{E780D0E3-37A4-43D3-89C1-76053FA63752}.Release|x86.ActiveCfg = Release|x86
		{E780D0E3-37A4-43D3-89C1-76053FA63752}.Release|x86.Build.0 = Release|x86
		{B780B8AD-169E-4300-A29F-713471EF3056}.Debug|Any CPU.ActiveCfg = Debug|x86
		{B780B8AD-169E-4300-A29F-713471EF3056}.Debug|x86.ActiveCfg = Debug|x86
		{B780B8AD-169E-4300-A29F-713471EF3056}.Release|Any CPU.ActiveCfg = Release|x86
		{B780B8AD-169E-4300-A29F-713471EF3056}.Release|x86.ActiveCfg = Release|x86
		{B780B8AD-169E-4300-A29F-713471EF3056}.Release|x86.Build.0 = Release|x86
		{F5EF3169-748F-4C96-A4A1-F33381572619}.Debug|Any CPU.ActiveCfg = Debug|x86
		{F5EF3169-748F-4C96-A4A1-F33381572619}.Debug|x86.ActiveCfg = Debug|x86
		{F5EF3169-748F-4C96-A4A1-F33381572619}.Release|Any CPU.ActiveCfg = Release|x86
		{F5EF3169-748F-4C96-A4A1-F33381572619}.Release|x86.ActiveCfg = Release|x86
		{F5EF3169-748F-4C96-A4A1-F33381572619}.Release|x86.Build.0 = Release|x86
		{3F6B0B72-DC75-4B4E-8361-8AB257F4048E}.Debug|Any CPU.ActiveCfg = Debug|x86
		{3F6B0B72-DC75-4B4E-8361-8AB257F4048E}.Debug|x86.ActiveCfg = Debug|x86
		{3F6B0B72-DC75-4B4E-8361-8AB257F4048E}.Debug|x86.Build.0 = Debug|x86
		{3F6B0B72-DC75-4B4E-8361-8AB257F4048E}.Release|Any CPU.ActiveCfg = Release|x86
		{3F6B0B72-DC75-4B4E-8361-8AB257F4048E}.Release|x86.ActiveCfg = Release|x86
		{3F6B0B72-DC75-4B4E-8361-8AB257F4048E}.Release|x86.Build.0 = Release|x86
		{FCBE745F-EAAF-4979-8468-8298BC71E947}.Debug|Any CPU.ActiveCfg = Debug|Any CPU
		{FCBE745F-EAAF-4979-8468-8298BC71E947}.Debug|Any CPU.Build.0 = Debug|Any CPU
		{FCBE745F-EAAF-4979-8468-8298BC71E947}.Debug|x86.ActiveCfg = Debug|Any CPU
		{FCBE745F-EAAF-4979-8468-8298BC71E947}.Debug|x86.Build.0 = Debug|Any CPU
		{FCBE745F-EAAF-4979-8468-8298BC71E947}.Release|Any CPU.ActiveCfg = Release|Any CPU
		{FCBE745F-EAAF-4979-8468-8298BC71E947}.Release|Any CPU.Build.0 = Release|Any CPU
		{FCBE745F-EAAF-4979-8468-8298BC71E947}.Release|x86.ActiveCfg = Release|Any CPU
		{FCBE745F-EAAF-4979-8468-8298BC71E947}.Release|x86.Build.0 = Release|Any CPU
		{10E916AB-A826-454E-A344-739CBF5EAFDF}.Debug|Any CPU.ActiveCfg = Debug|Any CPU
		{10E916AB-A826-454E-A344-739CBF5EAFDF}.Debug|Any CPU.Build.0 = Debug|Any CPU
		{10E916AB-A826-454E-A344-739CBF5EAFDF}.Debug|x86.ActiveCfg = Debug|Any CPU
		{10E916AB-A826-454E-A344-739CBF5EAFDF}.Debug|x86.Build.0 = Debug|Any CPU
		{10E916AB-A826-454E-A344-739CBF5EAFDF}.Release|Any CPU.ActiveCfg = Release|Any CPU
		{10E916AB-A826-454E-A344-739CBF5EAFDF}.Release|Any CPU.Build.0 = Release|Any CPU
		{10E916AB-A826-454E-A344-739CBF5EAFDF}.Release|x86.ActiveCfg = Release|Any CPU
		{10E916AB-A826-454E-A344-739CBF5EAFDF}.Release|x86.Build.0 = Release|Any CPU
		{16B2A096-D999-4DE8-BFA7-946B5CD8DCB2}.Debug|Any CPU.ActiveCfg = Debug|Any CPU
		{16B2A096-D999-4DE8-BFA7-946B5CD8DCB2}.Debug|Any CPU.Build.0 = Debug|Any CPU
		{16B2A096-D999-4DE8-BFA7-946B5CD8DCB2}.Debug|x86.ActiveCfg = Debug|Any CPU
		{16B2A096-D999-4DE8-BFA7-946B5CD8DCB2}.Debug|x86.Build.0 = Debug|Any CPU
		{16B2A096-D999-4DE8-BFA7-946B5CD8DCB2}.Release|Any CPU.ActiveCfg = Release|Any CPU
		{16B2A096-D999-4DE8-BFA7-946B5CD8DCB2}.Release|Any CPU.Build.0 = Release|Any CPU
		{16B2A096-D999-4DE8-BFA7-946B5CD8DCB2}.Release|x86.ActiveCfg = Release|Any CPU
		{16B2A096-D999-4DE8-BFA7-946B5CD8DCB2}.Release|x86.Build.0 = Release|Any CPU
		{A2B797FD-5D92-47C8-963C-E68D1414CDA8}.Debug|Any CPU.ActiveCfg = Debug|Any CPU
		{A2B797FD-5D92-47C8-963C-E68D1414CDA8}.Debug|Any CPU.Build.0 = Debug|Any CPU
		{A2B797FD-5D92-47C8-963C-E68D1414CDA8}.Debug|x86.ActiveCfg = Debug|Any CPU
		{A2B797FD-5D92-47C8-963C-E68D1414CDA8}.Release|Any CPU.ActiveCfg = Release|Any CPU
		{A2B797FD-5D92-47C8-963C-E68D1414CDA8}.Release|Any CPU.Build.0 = Release|Any CPU
		{A2B797FD-5D92-47C8-963C-E68D1414CDA8}.Release|x86.ActiveCfg = Release|Any CPU
		{A2B797FD-5D92-47C8-963C-E68D1414CDA8}.Release|x86.Build.0 = Release|Any CPU
	EndGlobalSection
	GlobalSection(SolutionProperties) = preSolution
		HideSolutionNode = FALSE
	EndGlobalSection
	GlobalSection(NestedProjects) = preSolution
		{B780B8AD-169E-4300-A29F-713471EF3056} = {930C63A3-C919-4AA1-9292-DB3C4B81F4DA}
		{F5EF3169-748F-4C96-A4A1-F33381572619} = {930C63A3-C919-4AA1-9292-DB3C4B81F4DA}
	EndGlobalSection
	GlobalSection(ExtensibilityGlobals) = postSolution
		SolutionGuid = {2EE29C69-D337-4A47-8ABA-F062CE0BF245}
	EndGlobalSection
	GlobalSection(CodealikeProperties) = postSolution
		SolutionGuid = 8190bbda-1bdf-4c93-8755-82a739c1061e
	EndGlobalSection
EndGlobal
